// !$*UTF8*$!
{
	archiveVersion = 1;
	classes = {
	};
	objectVersion = 46;
	objects = {

/* Begin PBXBuildFile section */
		A20F5EE71F811C8100BE8AB0 /* EllipseCellViewController.swift in Sources */ = {isa = PBXBuildFile; fileRef = A20F5EE61F811C8100BE8AB0 /* EllipseCellViewController.swift */; };
		A20F5EE91F812A1D00BE8AB0 /* NormalCellViewController.swift in Sources */ = {isa = PBXBuildFile; fileRef = A20F5EE81F812A1D00BE8AB0 /* NormalCellViewController.swift */; };
		A20F5EEB1F81E1AD00BE8AB0 /* TitleCellViewController.swift in Sources */ = {isa = PBXBuildFile; fileRef = A20F5EEA1F81E1AD00BE8AB0 /* TitleCellViewController.swift */; };
		A249B4111DE94AF100CC0B97 /* AppDelegate.swift in Sources */ = {isa = PBXBuildFile; fileRef = A249B4101DE94AF100CC0B97 /* AppDelegate.swift */; };
		A249B4131DE94AF100CC0B97 /* ViewController.swift in Sources */ = {isa = PBXBuildFile; fileRef = A249B4121DE94AF100CC0B97 /* ViewController.swift */; };
		A249B4161DE94AF100CC0B97 /* Main.storyboard in Resources */ = {isa = PBXBuildFile; fileRef = A249B4141DE94AF100CC0B97 /* Main.storyboard */; };
		A249B4181DE94AF100CC0B97 /* Assets.xcassets in Resources */ = {isa = PBXBuildFile; fileRef = A249B4171DE94AF100CC0B97 /* Assets.xcassets */; };
		A249B41B1DE94AF100CC0B97 /* LaunchScreen.storyboard in Resources */ = {isa = PBXBuildFile; fileRef = A249B4191DE94AF100CC0B97 /* LaunchScreen.storyboard */; };
		A249B4311DE9AB7800CC0B97 /* LNFloatingActionButton.framework in Frameworks */ = {isa = PBXBuildFile; fileRef = A249B4301DE9AB7800CC0B97 /* LNFloatingActionButton.framework */; };
		A249B4321DE9AB7800CC0B97 /* LNFloatingActionButton.framework in Embed Frameworks */ = {isa = PBXBuildFile; fileRef = A249B4301DE9AB7800CC0B97 /* LNFloatingActionButton.framework */; settings = {ATTRIBUTES = (CodeSignOnCopy, RemoveHeadersOnCopy, ); }; };
/* End PBXBuildFile section */

/* Begin PBXCopyFilesBuildPhase section */
		A249B4331DE9AB7800CC0B97 /* Embed Frameworks */ = {
			isa = PBXCopyFilesBuildPhase;
			buildActionMask = 2147483647;
			dstPath = "";
			dstSubfolderSpec = 10;
			files = (
				A249B4321DE9AB7800CC0B97 /* LNFloatingActionButton.framework in Embed Frameworks */,
			);
			name = "Embed Frameworks";
			runOnlyForDeploymentPostprocessing = 0;
		};
/* End PBXCopyFilesBuildPhase section */

/* Begin PBXFileReference section */
		A20F5EE61F811C8100BE8AB0 /* EllipseCellViewController.swift */ = {isa = PBXFileReference; lastKnownFileType = sourcecode.swift; path = EllipseCellViewController.swift; sourceTree = "<group>"; };
		A20F5EE81F812A1D00BE8AB0 /* NormalCellViewController.swift */ = {isa = PBXFileReference; lastKnownFileType = sourcecode.swift; path = NormalCellViewController.swift; sourceTree = "<group>"; };
		A20F5EEA1F81E1AD00BE8AB0 /* TitleCellViewController.swift */ = {isa = PBXFileReference; lastKnownFileType = sourcecode.swift; path = TitleCellViewController.swift; sourceTree = "<group>"; };
		A249B40D1DE94AF100CC0B97 /* LNFloatingActionButton-Example.app */ = {isa = PBXFileReference; explicitFileType = wrapper.application; includeInIndex = 0; path = "LNFloatingActionButton-Example.app"; sourceTree = BUILT_PRODUCTS_DIR; };
		A249B4101DE94AF100CC0B97 /* AppDelegate.swift */ = {isa = PBXFileReference; lastKnownFileType = sourcecode.swift; path = AppDelegate.swift; sourceTree = "<group>"; };
		A249B4121DE94AF100CC0B97 /* ViewController.swift */ = {isa = PBXFileReference; lastKnownFileType = sourcecode.swift; path = ViewController.swift; sourceTree = "<group>"; };
		A249B4151DE94AF100CC0B97 /* Base */ = {isa = PBXFileReference; lastKnownFileType = file.storyboard; name = Base; path = Base.lproj/Main.storyboard; sourceTree = "<group>"; };
		A249B4171DE94AF100CC0B97 /* Assets.xcassets */ = {isa = PBXFileReference; lastKnownFileType = folder.assetcatalog; path = Assets.xcassets; sourceTree = "<group>"; };
		A249B41A1DE94AF100CC0B97 /* Base */ = {isa = PBXFileReference; lastKnownFileType = file.storyboard; name = Base; path = Base.lproj/LaunchScreen.storyboard; sourceTree = "<group>"; };
		A249B41C1DE94AF100CC0B97 /* Info.plist */ = {isa = PBXFileReference; lastKnownFileType = text.plist.xml; path = Info.plist; sourceTree = "<group>"; };
		A249B4301DE9AB7800CC0B97 /* LNFloatingActionButton.framework */ = {isa = PBXFileReference; explicitFileType = wrapper.framework; path = LNFloatingActionButton.framework; sourceTree = BUILT_PRODUCTS_DIR; };
/* End PBXFileReference section */

/* Begin PBXFrameworksBuildPhase section */
		A249B40A1DE94AF100CC0B97 /* Frameworks */ = {
			isa = PBXFrameworksBuildPhase;
			buildActionMask = 2147483647;
			files = (
				A249B4311DE9AB7800CC0B97 /* LNFloatingActionButton.framework in Frameworks */,
			);
			runOnlyForDeploymentPostprocessing = 0;
		};
/* End PBXFrameworksBuildPhase section */

/* Begin PBXGroup section */
		A249B4041DE94AF100CC0B97 = {
			isa = PBXGroup;
			children = (
				A249B40F1DE94AF100CC0B97 /* LNFloatingActionButton-Example */,
				A249B40E1DE94AF100CC0B97 /* Products */,
				A249B4251DE94E4300CC0B97 /* Frameworks */,
			);
			sourceTree = "<group>";
		};
		A249B40E1DE94AF100CC0B97 /* Products */ = {
			isa = PBXGroup;
			children = (
				A249B40D1DE94AF100CC0B97 /* LNFloatingActionButton-Example.app */,
			);
			name = Products;
			sourceTree = "<group>";
		};
		A249B40F1DE94AF100CC0B97 /* LNFloatingActionButton-Example */ = {
			isa = PBXGroup;
			children = (
				A249B4101DE94AF100CC0B97 /* AppDelegate.swift */,
				A249B4121DE94AF100CC0B97 /* ViewController.swift */,
				A20F5EE61F811C8100BE8AB0 /* EllipseCellViewController.swift */,
				A20F5EE81F812A1D00BE8AB0 /* NormalCellViewController.swift */,
				A20F5EEA1F81E1AD00BE8AB0 /* TitleCellViewController.swift */,
				A249B4141DE94AF100CC0B97 /* Main.storyboard */,
				A249B4171DE94AF100CC0B97 /* Assets.xcassets */,
				A249B4191DE94AF100CC0B97 /* LaunchScreen.storyboard */,
				A249B41C1DE94AF100CC0B97 /* Info.plist */,
			);
			path = "LNFloatingActionButton-Example";
			sourceTree = "<group>";
		};
		A249B4251DE94E4300CC0B97 /* Frameworks */ = {
			isa = PBXGroup;
			children = (
				A249B4301DE9AB7800CC0B97 /* LNFloatingActionButton.framework */,
			);
			name = Frameworks;
			sourceTree = "<group>";
		};
/* End PBXGroup section */

/* Begin PBXNativeTarget section */
		A249B40C1DE94AF100CC0B97 /* LNFloatingActionButton-Example */ = {
			isa = PBXNativeTarget;
			buildConfigurationList = A249B41F1DE94AF100CC0B97 /* Build configuration list for PBXNativeTarget "LNFloatingActionButton-Example" */;
			buildPhases = (
				A249B4091DE94AF100CC0B97 /* Sources */,
				A249B40A1DE94AF100CC0B97 /* Frameworks */,
				A249B40B1DE94AF100CC0B97 /* Resources */,
				A249B4331DE9AB7800CC0B97 /* Embed Frameworks */,
			);
			buildRules = (
			);
			dependencies = (
			);
			name = "LNFloatingActionButton-Example";
			productName = "LNFloatingActionButton-Example";
			productReference = A249B40D1DE94AF100CC0B97 /* LNFloatingActionButton-Example.app */;
			productType = "com.apple.product-type.application";
		};
/* End PBXNativeTarget section */

/* Begin PBXProject section */
		A249B4051DE94AF100CC0B97 /* Project object */ = {
			isa = PBXProject;
			attributes = {
				LastSwiftUpdateCheck = 0810;
				LastUpgradeCheck = 0810;
				ORGANIZATIONNAME = "Shuhei Kawaguchi";
				TargetAttributes = {
					A249B40C1DE94AF100CC0B97 = {
						CreatedOnToolsVersion = 8.1;
						LastSwiftMigration = 0940;
						ProvisioningStyle = Automatic;
					};
				};
			};
			buildConfigurationList = A249B4081DE94AF100CC0B97 /* Build configuration list for PBXProject "LNFloatingActionButton-Example" */;
			compatibilityVersion = "Xcode 3.2";
			developmentRegion = English;
			hasScannedForEncodings = 0;
			knownRegions = (
				en,
				Base,
			);
			mainGroup = A249B4041DE94AF100CC0B97;
			productRefGroup = A249B40E1DE94AF100CC0B97 /* Products */;
			projectDirPath = "";
			projectRoot = "";
			targets = (
				A249B40C1DE94AF100CC0B97 /* LNFloatingActionButton-Example */,
			);
		};
/* End PBXProject section */

/* Begin PBXResourcesBuildPhase section */
		A249B40B1DE94AF100CC0B97 /* Resources */ = {
			isa = PBXResourcesBuildPhase;
			buildActionMask = 2147483647;
			files = (
				A249B41B1DE94AF100CC0B97 /* LaunchScreen.storyboard in Resources */,
				A249B4181DE94AF100CC0B97 /* Assets.xcassets in Resources */,
				A249B4161DE94AF100CC0B97 /* Main.storyboard in Resources */,
			);
			runOnlyForDeploymentPostprocessing = 0;
		};
/* End PBXResourcesBuildPhase section */

/* Begin PBXSourcesBuildPhase section */
		A249B4091DE94AF100CC0B97 /* Sources */ = {
			isa = PBXSourcesBuildPhase;
			buildActionMask = 2147483647;
			files = (
				A249B4131DE94AF100CC0B97 /* ViewController.swift in Sources */,
				A20F5EE91F812A1D00BE8AB0 /* NormalCellViewController.swift in Sources */,
				A20F5EE71F811C8100BE8AB0 /* EllipseCellViewController.swift in Sources */,
				A20F5EEB1F81E1AD00BE8AB0 /* TitleCellViewController.swift in Sources */,
				A249B4111DE94AF100CC0B97 /* AppDelegate.swift in Sources */,
			);
			runOnlyForDeploymentPostprocessing = 0;
		};
/* End PBXSourcesBuildPhase section */

/* Begin PBXVariantGroup section */
		A249B4141DE94AF100CC0B97 /* Main.storyboard */ = {
			isa = PBXVariantGroup;
			children = (
				A249B4151DE94AF100CC0B97 /* Base */,
			);
			name = Main.storyboard;
			sourceTree = "<group>";
		};
		A249B4191DE94AF100CC0B97 /* LaunchScreen.storyboard */ = {
			isa = PBXVariantGroup;
			children = (
				A249B41A1DE94AF100CC0B97 /* Base */,
			);
			name = LaunchScreen.storyboard;
			sourceTree = "<group>";
		};
/* End PBXVariantGroup section */

/* Begin XCBuildConfiguration section */
		A249B41D1DE94AF100CC0B97 /* Debug */ = {
			isa = XCBuildConfiguration;
			buildSettings = {
				ALWAYS_SEARCH_USER_PATHS = NO;
				CLANG_ANALYZER_NONNULL = YES;
				CLANG_CXX_LANGUAGE_STANDARD = "gnu++0x";
				CLANG_CXX_LIBRARY = "libc++";
				CLANG_ENABLE_MODULES = YES;
				CLANG_ENABLE_OBJC_ARC = YES;
				CLANG_WARN_BOOL_CONVERSION = YES;
				CLANG_WARN_CONSTANT_CONVERSION = YES;
				CLANG_WARN_DIRECT_OBJC_ISA_USAGE = YES_ERROR;
				CLANG_WARN_DOCUMENTATION_COMMENTS = YES;
				CLANG_WARN_EMPTY_BODY = YES;
				CLANG_WARN_ENUM_CONVERSION = YES;
				CLANG_WARN_INFINITE_RECURSION = YES;
				CLANG_WARN_INT_CONVERSION = YES;
				CLANG_WARN_OBJC_ROOT_CLASS = YES_ERROR;
				CLANG_WARN_SUSPICIOUS_MOVES = YES;
				CLANG_WARN_UNREACHABLE_CODE = YES;
				CLANG_WARN__DUPLICATE_METHOD_MATCH = YES;
				"CODE_SIGN_IDENTITY[sdk=iphoneos*]" = "iPhone Developer";
				COPY_PHASE_STRIP = NO;
				DEBUG_INFORMATION_FORMAT = dwarf;
				ENABLE_STRICT_OBJC_MSGSEND = YES;
				ENABLE_TESTABILITY = YES;
				GCC_C_LANGUAGE_STANDARD = gnu99;
				GCC_DYNAMIC_NO_PIC = NO;
				GCC_NO_COMMON_BLOCKS = YES;
				GCC_OPTIMIZATION_LEVEL = 0;
				GCC_PREPROCESSOR_DEFINITIONS = (
					"DEBUG=1",
					"$(inherited)",
				);
				GCC_WARN_64_TO_32_BIT_CONVERSION = YES;
				GCC_WARN_ABOUT_RETURN_TYPE = YES_ERROR;
				GCC_WARN_UNDECLARED_SELECTOR = YES;
				GCC_WARN_UNINITIALIZED_AUTOS = YES_AGGRESSIVE;
				GCC_WARN_UNUSED_FUNCTION = YES;
				GCC_WARN_UNUSED_VARIABLE = YES;
				IPHONEOS_DEPLOYMENT_TARGET = 10.1;
				MTL_ENABLE_DEBUG_INFO = YES;
				ONLY_ACTIVE_ARCH = YES;
				SDKROOT = iphoneos;
				SWIFT_ACTIVE_COMPILATION_CONDITIONS = DEBUG;
				SWIFT_OPTIMIZATION_LEVEL = "-Onone";
				TARGETED_DEVICE_FAMILY = "1,2";
			};
			name = Debug;
		};
		A249B41E1DE94AF100CC0B97 /* Release */ = {
			isa = XCBuildConfiguration;
			buildSettings = {
				ALWAYS_SEARCH_USER_PATHS = NO;
				CLANG_ANALYZER_NONNULL = YES;
				CLANG_CXX_LANGUAGE_STANDARD = "gnu++0x";
				CLANG_CXX_LIBRARY = "libc++";
				CLANG_ENABLE_MODULES = YES;
				CLANG_ENABLE_OBJC_ARC = YES;
				CLANG_WARN_BOOL_CONVERSION = YES;
				CLANG_WARN_CONSTANT_CONVERSION = YES;
				CLANG_WARN_DIRECT_OBJC_ISA_USAGE = YES_ERROR;
				CLANG_WARN_DOCUMENTATION_COMMENTS = YES;
				CLANG_WARN_EMPTY_BODY = YES;
				CLANG_WARN_ENUM_CONVERSION = YES;
				CLANG_WARN_INFINITE_RECURSION = YES;
				CLANG_WARN_INT_CONVERSION = YES;
				CLANG_WARN_OBJC_ROOT_CLASS = YES_ERROR;
				CLANG_WARN_SUSPICIOUS_MOVES = YES;
				CLANG_WARN_UNREACHABLE_CODE = YES;
				CLANG_WARN__DUPLICATE_METHOD_MATCH = YES;
				"CODE_SIGN_IDENTITY[sdk=iphoneos*]" = "iPhone Developer";
				COPY_PHASE_STRIP = NO;
				DEBUG_INFORMATION_FORMAT = "dwarf-with-dsym";
				ENABLE_NS_ASSERTIONS = NO;
				ENABLE_STRICT_OBJC_MSGSEND = YES;
				GCC_C_LANGUAGE_STANDARD = gnu99;
				GCC_NO_COMMON_BLOCKS = YES;
				GCC_WARN_64_TO_32_BIT_CONVERSION = YES;
				GCC_WARN_ABOUT_RETURN_TYPE = YES_ERROR;
				GCC_WARN_UNDECLARED_SELECTOR = YES;
				GCC_WARN_UNINITIALIZED_AUTOS = YES_AGGRESSIVE;
				GCC_WARN_UNUSED_FUNCTION = YES;
				GCC_WARN_UNUSED_VARIABLE = YES;
				IPHONEOS_DEPLOYMENT_TARGET = 10.1;
				MTL_ENABLE_DEBUG_INFO = NO;
				SDKROOT = iphoneos;
				SWIFT_OPTIMIZATION_LEVEL = "-Owholemodule";
				TARGETED_DEVICE_FAMILY = "1,2";
				VALIDATE_PRODUCT = YES;
			};
			name = Release;
		};
		A249B4201DE94AF100CC0B97 /* Debug */ = {
			isa = XCBuildConfiguration;
			buildSettings = {
				ASSETCATALOG_COMPILER_APPICON_NAME = AppIcon;
				INFOPLIST_FILE = "LNFloatingActionButton-Example/Info.plist";
				LD_RUNPATH_SEARCH_PATHS = "$(inherited) @executable_path/Frameworks";
				PRODUCT_BUNDLE_IDENTIFIER = "SK.LNFloatingActionButton-Example";
				PRODUCT_NAME = "$(TARGET_NAME)";
				SWIFT_SWIFT3_OBJC_INFERENCE = On;
				SWIFT_VERSION = 4.0;
			};
			name = Debug;
		};
		A249B4211DE94AF100CC0B97 /* Release */ = {
			isa = XCBuildConfiguration;
			buildSettings = {
				ASSETCATALOG_COMPILER_APPICON_NAME = AppIcon;
				INFOPLIST_FILE = "LNFloatingActionButton-Example/Info.plist";
				LD_RUNPATH_SEARCH_PATHS = "$(inherited) @executable_path/Frameworks";
				PRODUCT_BUNDLE_IDENTIFIER = "SK.LNFloatingActionButton-Example";
				PRODUCT_NAME = "$(TARGET_NAME)";
				SWIFT_SWIFT3_OBJC_INFERENCE = On;
				SWIFT_VERSION = 4.0;
			};
			name = Release;
		};
/* End XCBuildConfiguration section */

/* Begin XCConfigurationList section */
		A249B4081DE94AF100CC0B97 /* Build configuration list for PBXProject "LNFloatingActionButton-Example" */ = {
			isa = XCConfigurationList;
			buildConfigurations = (
				A249B41D1DE94AF100CC0B97 /* Debug */,
				A249B41E1DE94AF100CC0B97 /* Release */,
			);
			defaultConfigurationIsVisible = 0;
			defaultConfigurationName = Release;
		};
		A249B41F1DE94AF100CC0B97 /* Build configuration list for PBXNativeTarget "LNFloatingActionButton-Example" */ = {
			isa = XCConfigurationList;
			buildConfigurations = (
				A249B4201DE94AF100CC0B97 /* Debug */,
				A249B4211DE94AF100CC0B97 /* Release */,
			);
			defaultConfigurationIsVisible = 0;
			defaultConfigurationName = Release;
		};
/* End XCConfigurationList section */
	};
	rootObject = A249B4051DE94AF100CC0B97 /* Project object */;
}
